
Microsoft Visual Studio Solution File, Format Version 12.00
# Visual Studio 15
VisualStudioVersion = 15.0.28307.421
MinimumVisualStudioVersion = 10.0.40219.1
Project("{FAE04EC0-301F-11D3-BF4B-00C04F79EFBC}") = "AssignmentDB_Project", "AssignmentDB_Project\AssignmentDB_Project.csproj", "{984EE6F4-5C2C-408B-A4A0-89B4FEB02ABF}"
EndProject
Global
	GlobalSection(SolutionConfigurationPlatforms) = preSolution
		Debug|Any CPU = Debug|Any CPU
		Release|Any CPU = Release|Any CPU
	EndGlobalSection
	GlobalSection(ProjectConfigurationPlatforms) = postSolution
		{984EE6F4-5C2C-408B-A4A0-89B4FEB02ABF}.Debug|Any CPU.ActiveCfg = Debug|Any CPU
		{984EE6F4-5C2C-408B-A4A0-89B4FEB02ABF}.Debug|Any CPU.Build.0 = Debug|Any CPU
		{984EE6F4-5C2C-408B-A4A0-89B4FEB02ABF}.Release|Any CPU.ActiveCfg = Release|Any CPU
		{984EE6F4-5C2C-408B-A4A0-89B4FEB02ABF}.Release|Any CPU.Build.0 = Release|Any CPU
	EndGlobalSection
	GlobalSection(SolutionProperties) = preSolution
		HideSolutionNode = FALSE
	EndGlobalSection
	GlobalSection(ExtensibilityGlobals) = postSolution
		SolutionGuid = {FB635747-515C-41B7-B08D-8D18FA7A952F}
	EndGlobalSection
EndGlobal
